{
  "name": "test",
  "lockfileVersion": 3,
  "requires": true,
  "packages": {
    "": {
      "dependencies": {
        "lib": "file:../lib",
        "pareto-core-dev": "^0.12.0",
        "pareto-host-nodejs": "^0.2.0"
      }
    },
    "../lib": {
      "name": "pareto-test",
      "version": "0.13.105",
      "license": "Apache-2.0",
      "dependencies": {
        "pareto-core-dev": "^0.12.0",
        "pareto-fountain-pen": "^0.4.0",
        "pareto-resources": "^0.2.0",
        "pareto-stream": "^0.1.0"
      }
    },
    "node_modules/astn-core": {
      "version": "0.5.106",
      "resolved": "https://registry.npmjs.org/astn-core/-/astn-core-0.5.106.tgz",
      "integrity": "sha512-PWdoQiuBVa6V98XQr1S0J9Ah1P28sDpOF3uDBdXXRBMgvTk9wFRcX3A2ZkM0FDP/4MNlP0kPV/u9aBC1xZ4MCg==",
      "license": "Apache-2.0",
      "dependencies": {
        "pareto-fountain-pen": "^0.4.0"
      }
    },
    "node_modules/liana-core": {
      "version": "0.1.24",
      "resolved": "https://registry.npmjs.org/liana-core/-/liana-core-0.1.24.tgz",
      "integrity": "sha512-Wab7YygDMXrafjia+4FkctPIuO1Rnb2YNtd0PE3Mo1rBUCM1or6kdu6mmOpDH9i3KK7RD5aCH4J+TpaQfUx5EQ==",
      "license": "Apache-2.0",
      "dependencies": {
        "astn-core": "^0.5.0",
        "pareto-core": "^0.1.0"
      }
    },
    "node_modules/lib": {
      "resolved": "../lib",
      "link": true
    },
    "node_modules/pareto-core": {
      "version": "0.1.136",
      "resolved": "https://registry.npmjs.org/pareto-core/-/pareto-core-0.1.136.tgz",
      "integrity": "sha512-MMj+pkncyQIpQPnA8YfyWe2IBW4+dgpito5XL/tsr126JYJ4sbtseeLe0w8E74Tz1u5zQmNUbf+6VN1uOqBcZA==",
      "license": "Apache-2.0"
    },
    "node_modules/pareto-core-dev": {
      "version": "0.12.17",
      "resolved": "https://registry.npmjs.org/pareto-core-dev/-/pareto-core-dev-0.12.17.tgz",
      "integrity": "sha512-8pXzrIu3dvfkKXsNnc8F3FmG7nfvX8IrKfWzUNe4/QRMrD+MzbCv/WcdCi/U0kuaFbfR5ad2U5I1YZy9vH/H0Q==",
      "license": "Apache-2.0",
      "dependencies": {
        "pareto-core": "^0.1.0"
      }
    },
    "node_modules/pareto-core-shorthands": {
      "version": "0.2.40",
      "resolved": "https://registry.npmjs.org/pareto-core-shorthands/-/pareto-core-shorthands-0.2.40.tgz",
      "integrity": "sha512-i0VrtOSwQxzObXQOqxmtOQgICVXAaxd2AkaYS5Wwy3vWni3L6o5ILvrYMm3+7iMrLA9a21SATuK9pAPAugcZjQ==",
      "license": "Apache-2.0",
      "dependencies": {
        "liana-core": "^0.1.0",
        "pareto-core": "^0.1.0"
      }
    },
    "node_modules/pareto-fountain-pen": {
      "version": "0.4.61",
      "resolved": "https://registry.npmjs.org/pareto-fountain-pen/-/pareto-fountain-pen-0.4.61.tgz",
      "integrity": "sha512-2j7YKmMk+BrpoaYWk3WGOfacB8jZrCELqQnH2jBlrsFi/Y1C+Xt3T1B5flNC3SbM03xq3quhzswkwlWp+IyQ2w==",
      "license": "Apache-2.0",
      "dependencies": {
        "pareto-core": "^0.1.0",
        "pareto-core-shorthands": "^0.2.0"
      },
      "engines": {
        "node": ">=14.0.0"
      }
    },
    "node_modules/pareto-host-nodejs": {
      "version": "0.2.69",
      "resolved": "https://registry.npmjs.org/pareto-host-nodejs/-/pareto-host-nodejs-0.2.69.tgz",
      "integrity": "sha512-0fel42ixczYkbyxHUwd+PPeuwyNiVZ5OPmM7N2vcoEwga3J2eQXJznLWMEQfa91FsWJ7u6TogPMLOBA82CioNw==",
      "license": "Apache-2.0",
      "dependencies": {
        "pareto-resources": "^0.2.0",
        "pareto-stream": "^0.1.0"
      }
    },
    "node_modules/pareto-resources": {
      "version": "0.2.105",
      "resolved": "https://registry.npmjs.org/pareto-resources/-/pareto-resources-0.2.105.tgz",
      "integrity": "sha512-m8dYGxZ9GvBoL5hyg+QNi3DpxjzDs/M0XuoMEot/wZ2GO3qSmLQBoRy08yqs8J7J1hMzLRkZ87tpPZK2slLtIQ==",
      "license": "Apache-2.0",
      "dependencies": {
        "liana-core": "^0.1.0",
        "pareto-core-dev": "^0.12.0",
        "pareto-fountain-pen": "^0.4.0"
      }
    },
    "node_modules/pareto-stream": {
      "version": "0.1.8",
      "resolved": "https://registry.npmjs.org/pareto-stream/-/pareto-stream-0.1.8.tgz",
      "integrity": "sha512-lSVGOEvKHL6j+tlEuEPVkormJ2jDH82QVppXa1onX67MoYK3qzrG5UpcnCXUlBWugLh+S2f+T2tJcyx08Hgcbw==",
      "license": "Apache-2.0",
      "dependencies": {
        "liana-core": "^0.1.0",
        "pareto-core-dev": "^0.12.0",
        "pareto-fountain-pen": "^0.4.0"
      }
    }
  }
}
