{
  "name": "test",
  "lockfileVersion": 3,
  "requires": true,
  "packages": {
    "": {
      "dependencies": {
        "lib": "file:../lib",
        "pareto-core-dev": "^0.12.0",
        "pareto-host-nodejs": "^0.2.0"
      }
    },
    "../lib": {
      "name": "pareto-test",
      "version": "0.13.107",
      "license": "Apache-2.0",
      "dependencies": {
        "pareto-core-dev": "^0.12.0",
        "pareto-fountain-pen": "^0.4.0",
        "pareto-resources": "^0.2.0",
        "pareto-stream": "^0.1.0"
      }
    },
    "node_modules/astn-core": {
      "version": "0.5.111",
      "resolved": "https://registry.npmjs.org/astn-core/-/astn-core-0.5.111.tgz",
      "integrity": "sha512-gRKMncqQFyAsbUJeM3ljNuv1d4zpftidmpe5HdkS6fJk0uYB5PUObFsEFQtQpqU3+KpPlx+k9giMmmKEm5NU5A==",
      "license": "Apache-2.0",
      "dependencies": {
        "pareto-fountain-pen": "^0.4.0"
      }
    },
    "node_modules/liana-core": {
      "version": "0.1.28",
      "resolved": "https://registry.npmjs.org/liana-core/-/liana-core-0.1.28.tgz",
      "integrity": "sha512-dSLDadCBpuq7W1D2Vn1YTbIVrztE7Iuijq0tN+n8H8h2gSOYyXuHw5n1JlTRpvaOZgm33NhoQWwOLNlzZ85yCA==",
      "license": "Apache-2.0",
      "dependencies": {
        "astn-core": "^0.5.0",
        "pareto-core": "^0.1.0"
      }
    },
    "node_modules/lib": {
      "resolved": "../lib",
      "link": true
    },
    "node_modules/pareto-core": {
      "version": "0.1.172",
      "resolved": "https://registry.npmjs.org/pareto-core/-/pareto-core-0.1.172.tgz",
      "integrity": "sha512-tvKV7pdqPngxe9KI5HdXT4twMjFJxZIyUVgvYotKcSqzxDFUUV9OM2fkwp+BSeey220Kaqs2zM4+xvh2roSYDA==",
      "license": "Apache-2.0"
    },
    "node_modules/pareto-core-dev": {
      "version": "0.12.18",
      "resolved": "https://registry.npmjs.org/pareto-core-dev/-/pareto-core-dev-0.12.18.tgz",
      "integrity": "sha512-xUmvBp1rkkNF6pB5nlK948zbrs+U9VysUEu1rTwR5qVD+MescQCcv2cPjp61P/CiJNHa5crXToSu5+tsBPfvqA==",
      "license": "Apache-2.0",
      "dependencies": {
        "pareto-core": "^0.1.0"
      }
    },
    "node_modules/pareto-core-shorthands": {
      "version": "0.2.47",
      "resolved": "https://registry.npmjs.org/pareto-core-shorthands/-/pareto-core-shorthands-0.2.47.tgz",
      "integrity": "sha512-z5C0QY6ujL8qlshg3iGf0NHUQbQWvlsan8ZxhnFmO2Nn5qCwN8DawB56AoNClv3kLRyWGP1p1zv4Dt/k8+AQ1Q==",
      "license": "Apache-2.0",
      "dependencies": {
        "liana-core": "^0.1.0",
        "pareto-core": "^0.1.0"
      }
    },
    "node_modules/pareto-fountain-pen": {
      "version": "0.4.66",
      "resolved": "https://registry.npmjs.org/pareto-fountain-pen/-/pareto-fountain-pen-0.4.66.tgz",
      "integrity": "sha512-e7VCCZ7PBmwgXBoxe48LK6tHPsTuWLAkRa0xeDetB0yQbK5Pp3VTtRehW/qvK9zxP/HJA1pQvdbssYP8PtxxWQ==",
      "license": "Apache-2.0",
      "dependencies": {
        "pareto-core": "^0.1.0",
        "pareto-core-shorthands": "^0.2.0"
      },
      "engines": {
        "node": ">=14.0.0"
      }
    },
    "node_modules/pareto-host-nodejs": {
      "version": "0.2.76",
      "resolved": "https://registry.npmjs.org/pareto-host-nodejs/-/pareto-host-nodejs-0.2.76.tgz",
      "integrity": "sha512-L15iDvIC7BJ7eaORozxb2CBasuB9HzKklcUch38WdMafCpyTGl2z/wlV+KVFQR3LBhBN7v2mvUlylevY1QaBEA==",
      "license": "Apache-2.0",
      "dependencies": {
        "pareto-resources": "^0.2.0",
        "pareto-stream": "^0.1.0"
      }
    },
    "node_modules/pareto-resources": {
      "version": "0.2.114",
      "resolved": "https://registry.npmjs.org/pareto-resources/-/pareto-resources-0.2.114.tgz",
      "integrity": "sha512-QfQ3iwbRv6SQJHvWqBGepDrgWwJNdNSBM5FoZidEnzMpaf6HGm/NxYU1O71x1F7/waoBcuqGKSILeU47Ne/6kQ==",
      "license": "Apache-2.0",
      "dependencies": {
        "liana-core": "^0.1.0",
        "pareto-core": "^0.1.0",
        "pareto-core-dev": "^0.12.0",
        "pareto-fountain-pen": "^0.4.0"
      }
    },
    "node_modules/pareto-stream": {
      "version": "0.1.12",
      "resolved": "https://registry.npmjs.org/pareto-stream/-/pareto-stream-0.1.12.tgz",
      "integrity": "sha512-Jx6k4pk0rTTmiHRwArsDUNlPuuRE1TSHpINVtHQLOQU8FtJe932/I15W3cuMKjvGBP/ozRQjyKvOPuEydYpUVA==",
      "license": "Apache-2.0",
      "dependencies": {
        "liana-core": "^0.1.0",
        "pareto-core-dev": "^0.12.0",
        "pareto-fountain-pen": "^0.4.0"
      }
    }
  }
}
