{
  "name": "test",
  "lockfileVersion": 3,
  "requires": true,
  "packages": {
    "": {
      "dependencies": {
        "lib": "file:../lib",
        "pareto-core-dev": "^0.12.0",
        "pareto-host-nodejs": "^0.2.0"
      }
    },
    "../lib": {
      "name": "pareto-test",
      "version": "0.13.91",
      "license": "Apache-2.0",
      "dependencies": {
        "pareto-core-dev": "^0.12.0",
        "pareto-fountain-pen": "^0.4.0",
        "pareto-resources": "^0.2.0"
      }
    },
    "node_modules/astn-core": {
      "version": "0.5.101",
      "resolved": "https://registry.npmjs.org/astn-core/-/astn-core-0.5.101.tgz",
      "integrity": "sha512-/eFxyagh1AWw1tQER7JI/jVngxqa7pPVF4Ck9nJ/uey+iSHfnVNAHd2pD5/HF3OIPoBSCTaaody4db0YBd62kw==",
      "license": "Apache-2.0",
      "dependencies": {
        "pareto-fountain-pen": "^0.4.0"
      }
    },
    "node_modules/liana-core": {
      "version": "0.1.22",
      "resolved": "https://registry.npmjs.org/liana-core/-/liana-core-0.1.22.tgz",
      "integrity": "sha512-4q1zu3Vn6bJstiI9RT5kZJ2JZ+kq2MkA7goz4iDF7GyGf34lzIaWkYEJkEek0GFaGGGh/FmsBEo1agmgVDdDPg==",
      "license": "Apache-2.0",
      "dependencies": {
        "astn-core": "^0.5.0",
        "pareto-core": "^0.1.0"
      }
    },
    "node_modules/lib": {
      "resolved": "../lib",
      "link": true
    },
    "node_modules/pareto-core": {
      "version": "0.1.98",
      "resolved": "https://registry.npmjs.org/pareto-core/-/pareto-core-0.1.98.tgz",
      "integrity": "sha512-JiWAq48umBHJ2nVGIAYIb5hgLlzCQb7194nkW9rdupSA75+oLKulA1hizVQ443x7DgIH2VysiYYEvHBZh7CA9w==",
      "license": "Apache-2.0"
    },
    "node_modules/pareto-core-dev": {
      "version": "0.12.17",
      "resolved": "https://registry.npmjs.org/pareto-core-dev/-/pareto-core-dev-0.12.17.tgz",
      "integrity": "sha512-8pXzrIu3dvfkKXsNnc8F3FmG7nfvX8IrKfWzUNe4/QRMrD+MzbCv/WcdCi/U0kuaFbfR5ad2U5I1YZy9vH/H0Q==",
      "license": "Apache-2.0",
      "dependencies": {
        "pareto-core": "^0.1.0"
      }
    },
    "node_modules/pareto-core-shorthands": {
      "version": "0.2.35",
      "resolved": "https://registry.npmjs.org/pareto-core-shorthands/-/pareto-core-shorthands-0.2.35.tgz",
      "integrity": "sha512-mVUEi4gmB+iZE5Q29fZQZQ3fpb0gk+bYOp/8H5E2UdhEzczMOKuDNGDIOnSxSlYqXPV/jGOuv7MSB3V7mEd9VA==",
      "license": "Apache-2.0",
      "dependencies": {
        "liana-core": "^0.1.0",
        "pareto-core": "^0.1.0"
      }
    },
    "node_modules/pareto-fountain-pen": {
      "version": "0.4.56",
      "resolved": "https://registry.npmjs.org/pareto-fountain-pen/-/pareto-fountain-pen-0.4.56.tgz",
      "integrity": "sha512-MCE/C7QIqzsfkg0VFVn8gPkKllY0c6MMYE3Mbo6psfGtvPHuXCvlM3OFBB5eA0F8Ri95lbKCDhK3nXgnv5kumg==",
      "license": "Apache-2.0",
      "dependencies": {
        "pareto-core": "^0.1.0",
        "pareto-core-shorthands": "^0.2.0"
      },
      "engines": {
        "node": ">=14.0.0"
      }
    },
    "node_modules/pareto-host-nodejs": {
      "version": "0.2.50",
      "resolved": "https://registry.npmjs.org/pareto-host-nodejs/-/pareto-host-nodejs-0.2.50.tgz",
      "integrity": "sha512-5gHjOEH2CkYmxa7y+ktPdIK1OwBjmzTtmqkwFI34jT+lyekgQ2SOqQCuoMPs+ydvXS8SoRd4MwByQlNas2d7jQ==",
      "license": "Apache-2.0",
      "dependencies": {
        "pareto-resources": "^0.2.0"
      }
    },
    "node_modules/pareto-resources": {
      "version": "0.2.83",
      "resolved": "https://registry.npmjs.org/pareto-resources/-/pareto-resources-0.2.83.tgz",
      "integrity": "sha512-B7cgAj0o45rETiXLuqkC/m+Ysv8yzREF7Fu8NePnuvYxORsBhoKUNjj0MXbq5slfWGy2U8aJ7FD56VsH9jQSBw==",
      "license": "Apache-2.0",
      "dependencies": {
        "liana-core": "^0.1.0",
        "pareto-core-dev": "^0.12.0",
        "pareto-fountain-pen": "^0.4.0"
      }
    }
  }
}
