{
  "name": "test",
  "lockfileVersion": 3,
  "requires": true,
  "packages": {
    "": {
      "dependencies": {
        "pareto-core-dev": "^0.12.8",
        "pareto-host-nodejs": "^0.2.28",
        "pub": "file:../pub"
      }
    },
    "../pub": {
      "name": "pareto-test",
      "version": "0.13.77",
      "license": "Apache-2.0",
      "dependencies": {
        "pareto-core-dev": "^0.12.8",
        "pareto-fountain-pen": "^0.4.42",
        "pareto-host-nodejs": "^0.2.28",
        "pareto-resources": "^0.2.46"
      }
    },
    "node_modules/astn-core": {
      "version": "0.5.34",
      "resolved": "https://registry.npmjs.org/astn-core/-/astn-core-0.5.34.tgz",
      "integrity": "sha512-+DBSM0EJJitG6kJgxMRhczC4zrC94tMiTDkPXo6+Ak0Knr7ueIhmoE150s0kD3r9XVqPCtqLfVAirP3QiVmoWQ==",
      "license": "Apache-2.0",
      "dependencies": {
        "pareto-fountain-pen": "^0.4.42"
      }
    },
    "node_modules/liana-core": {
      "version": "0.0.18",
      "resolved": "https://registry.npmjs.org/liana-core/-/liana-core-0.0.18.tgz",
      "integrity": "sha512-FrCYIv9sbQn4a6AzSAyM7pRl9L6gP37iAxQue2d7Ce0HOpV6vhBwMz1GgOxgAfxnQm7vS6y7fvvFHblK788ucw==",
      "dependencies": {
        "astn-core": "^0.5.33",
        "pareto-core": "^0.1.41"
      }
    },
    "node_modules/pareto-core": {
      "version": "0.1.42",
      "resolved": "https://registry.npmjs.org/pareto-core/-/pareto-core-0.1.42.tgz",
      "integrity": "sha512-DuHpOlPGPZ5tEo+tqM5t96E9msFDemX/aDpLAqzK4bnxlXVohegzNXOIEPhEHKtgn78jf+4GjtJjyk+OtoTwLA==",
      "license": "ISC"
    },
    "node_modules/pareto-core-dev": {
      "version": "0.12.8",
      "resolved": "https://registry.npmjs.org/pareto-core-dev/-/pareto-core-dev-0.12.8.tgz",
      "integrity": "sha512-XApKCr4QJGtTq7EBLi18rFr0h5SXzyQjeqwCOXQslUUVETiKUS0QBHcSKI61rNc9X/W39k32mLvCs84dyqT8xw==",
      "license": "ISC",
      "dependencies": {
        "pareto-core": "^0.1.42"
      }
    },
    "node_modules/pareto-core-shorthands": {
      "version": "0.2.20",
      "resolved": "https://registry.npmjs.org/pareto-core-shorthands/-/pareto-core-shorthands-0.2.20.tgz",
      "integrity": "sha512-ooiaVuaSzNIE2htkyTYP6IJCNY44v9w1mrd3IsJ4/5afsauDdlHNd4rmh0+Twi68w7ygLV884mpBRNgAc2SekQ==",
      "license": "ISC",
      "dependencies": {
        "pareto-core": "^0.1.42"
      }
    },
    "node_modules/pareto-fountain-pen": {
      "version": "0.4.42",
      "resolved": "https://registry.npmjs.org/pareto-fountain-pen/-/pareto-fountain-pen-0.4.42.tgz",
      "integrity": "sha512-Z2S3TxyyoiZrXP5mMQUWkv8hm7zQH8v8DfG72s/SClljVSyzeyBcmRgGcAaTlHcKZAPgmA2LhwFVCHbt8nbKFg==",
      "license": "Apache-2.0",
      "dependencies": {
        "pareto-core": "^0.1.42",
        "pareto-core-shorthands": "^0.2.20"
      },
      "engines": {
        "node": ">=14.0.0"
      }
    },
    "node_modules/pareto-host-nodejs": {
      "version": "0.2.28",
      "resolved": "https://registry.npmjs.org/pareto-host-nodejs/-/pareto-host-nodejs-0.2.28.tgz",
      "integrity": "sha512-E9XirZmVmvXkiIooR+csd4XNbyjbNlKgzQvzoCTGWPuSr0M0fYKes1tZz74IC8zf9AinyqH+L50oYwjAl5ftWw==",
      "license": "ISC",
      "dependencies": {
        "pareto-resources": "^0.2.44"
      }
    },
    "node_modules/pareto-resources": {
      "version": "0.2.46",
      "resolved": "https://registry.npmjs.org/pareto-resources/-/pareto-resources-0.2.46.tgz",
      "integrity": "sha512-h8kpaiXjBh6l/T6PqkbkpwKJj4j8YZN2D1qA0vYJrjSQqempj7IS2GmKLFjI5sL5auCeqsfzNyXG+EO4j5aG9A==",
      "license": "Apache-2.0",
      "dependencies": {
        "liana-core": "^0.0.18",
        "pareto-fountain-pen": "^0.4.42"
      }
    },
    "node_modules/pub": {
      "resolved": "../pub",
      "link": true
    }
  }
}
