{
  "name": "test",
  "lockfileVersion": 2,
  "requires": true,
  "packages": {
    "": {
      "dependencies": {
        "pareto-runtime": "^0.19.1"
      }
    },
    "node_modules/pareto-runtime": {
      "version": "0.19.1",
      "resolved": "https://registry.npmjs.org/pareto-runtime/-/pareto-runtime-0.19.1.tgz",
      "integrity": "sha512-8uBuwCr/2sJrSef39s1NVOuX5NQen66YSlxgE8mL801a+rXIJxt/8e+PyWyxUHgTcAPTeIUcjTBufS/5fV4hoQ=="
    }
  },
  "dependencies": {
    "pareto-runtime": {
      "version": "0.19.1",
      "resolved": "https://registry.npmjs.org/pareto-runtime/-/pareto-runtime-0.19.1.tgz",
      "integrity": "sha512-8uBuwCr/2sJrSef39s1NVOuX5NQen66YSlxgE8mL801a+rXIJxt/8e+PyWyxUHgTcAPTeIUcjTBufS/5fV4hoQ=="
    }
  }
}
