{
  "name": "test",
  "lockfileVersion": 2,
  "requires": true,
  "packages": {
    "": {
      "dependencies": {
        "pareto-runtime": "^0.16.4"
      }
    },
    "node_modules/pareto-runtime": {
      "version": "0.16.4",
      "resolved": "https://registry.npmjs.org/pareto-runtime/-/pareto-runtime-0.16.4.tgz",
      "integrity": "sha512-/bDrdpy9re9P679+mmZxFuwkTWaTxjAxCaTtTaBeWTNa/RHlCBVOJ/Sf8MH/7beC1Xw4dZEJcs8qkOQtoTSGbA=="
    }
  },
  "dependencies": {
    "pareto-runtime": {
      "version": "0.16.4",
      "resolved": "https://registry.npmjs.org/pareto-runtime/-/pareto-runtime-0.16.4.tgz",
      "integrity": "sha512-/bDrdpy9re9P679+mmZxFuwkTWaTxjAxCaTtTaBeWTNa/RHlCBVOJ/Sf8MH/7beC1Xw4dZEJcs8qkOQtoTSGbA=="
    }
  }
}
