{
  "name": "pareto-test",
  "version": "0.13.116",
  "lockfileVersion": 3,
  "requires": true,
  "packages": {
    "": {
      "name": "pareto-test",
      "version": "0.13.116",
      "license": "Apache-2.0",
      "dependencies": {
        "pareto-application-api": "^0.1.0",
        "pareto-core": "^0.1.0",
        "pareto-core-dev": "^0.12.0",
        "pareto-filesystem-unrestricted-api": "^0.1.0",
        "pareto-fountain-pen": "^0.4.0",
        "pareto-stream-api": "^0.1.0"
      }
    },
    "node_modules/astn-core": {
      "version": "0.5.131",
      "resolved": "https://registry.npmjs.org/astn-core/-/astn-core-0.5.131.tgz",
      "integrity": "sha512-zeiYAtgb8eQ9lda/AIbV8rdIcvWXh0m0OfM5+PNu5Kti40IfRERpb2Xj5N5ZAw094r0AuEJj6Qs2d8Ruf5NHFQ==",
      "license": "Apache-2.0",
      "dependencies": {
        "pareto-core": "^0.1.0",
        "pareto-fountain-pen": "^0.4.0"
      }
    },
    "node_modules/liana-core": {
      "version": "0.1.38",
      "resolved": "https://registry.npmjs.org/liana-core/-/liana-core-0.1.38.tgz",
      "integrity": "sha512-oeI45oYhViwVBGSvzqj8GCBTESNjeanikJM3RwGnMRGhzhtoGPb6syR2kSrVHJpjo7qSYckZ0bhYtuho+AllUQ==",
      "license": "Apache-2.0",
      "dependencies": {
        "astn-core": "^0.5.0",
        "pareto-core": "^0.1.0",
        "pareto-fountain-pen": "^0.4.0"
      }
    },
    "node_modules/pareto-application-api": {
      "version": "0.1.5",
      "resolved": "https://registry.npmjs.org/pareto-application-api/-/pareto-application-api-0.1.5.tgz",
      "integrity": "sha512-LPoNt1bKg+PKj/Gyr9Nua58kbvPV2DEe1ZrcSnIghiPx2T94Opt8BKrt49u/wbji/VGtNOGBw+U5DaWxm+4ulw==",
      "license": "Apache-2.0",
      "dependencies": {
        "pareto-core": "^0.1.0"
      }
    },
    "node_modules/pareto-core": {
      "version": "0.1.263",
      "resolved": "https://registry.npmjs.org/pareto-core/-/pareto-core-0.1.263.tgz",
      "integrity": "sha512-BDQCkYf0V3KG8rz52lhr0bEHII0rAV69M+on6agXAomgvevgBOOInzcnOzeTEg1GCl7YpSBqOzVYpGelKEscbw==",
      "license": "Apache-2.0"
    },
    "node_modules/pareto-core-dev": {
      "version": "0.12.25",
      "resolved": "https://registry.npmjs.org/pareto-core-dev/-/pareto-core-dev-0.12.25.tgz",
      "integrity": "sha512-uHoN4nh9z1YsqkSA3vlsd6uSe1b237aXhmbRKGvX/gAd/s058/8Vb58526mqs9vWgaiF7u5JoPbFEYCbV1zFhw==",
      "license": "Apache-2.0",
      "dependencies": {
        "pareto-core": "^0.1.0"
      }
    },
    "node_modules/pareto-core-shorthands": {
      "version": "0.2.58",
      "resolved": "https://registry.npmjs.org/pareto-core-shorthands/-/pareto-core-shorthands-0.2.58.tgz",
      "integrity": "sha512-4i002vS80ICTts+xt6+gRsDXyH9AdmyLr22EH8vqAPrgav46gFk5HbjbUkYLN9WxUfq1WsX/aVnCarI0tKnpmQ==",
      "license": "Apache-2.0",
      "dependencies": {
        "liana-core": "^0.1.0",
        "pareto-core": "^0.1.0"
      }
    },
    "node_modules/pareto-filesystem-unrestricted-api": {
      "version": "0.1.9",
      "resolved": "https://registry.npmjs.org/pareto-filesystem-unrestricted-api/-/pareto-filesystem-unrestricted-api-0.1.9.tgz",
      "integrity": "sha512-gzo6amjfH5Fif9GrCAt8aRn9wsJxzCjFVlh9miDLv6Op/KZI/0foE+nxRQ4oe2XWXmRMcYAuvrL4M9IPUNdgiw==",
      "license": "Apache-2.0",
      "dependencies": {
        "astn-core": "^0.5.0",
        "liana-core": "^0.1.0",
        "pareto-core": "^0.1.0",
        "pareto-core-dev": "^0.12.0",
        "pareto-fountain-pen": "^0.4.0"
      }
    },
    "node_modules/pareto-fountain-pen": {
      "version": "0.4.85",
      "resolved": "https://registry.npmjs.org/pareto-fountain-pen/-/pareto-fountain-pen-0.4.85.tgz",
      "integrity": "sha512-OCuPKN39OFgc+VuIEFOJuGw6g07ZA7yUNQGI/rPl5h8rnuuHAGe/NzQ/3iyK7MWaGAQiWzviFMs+CvbH/OdtCA==",
      "license": "Apache-2.0",
      "dependencies": {
        "pareto-core": "^0.1.0",
        "pareto-core-shorthands": "^0.2.0"
      },
      "engines": {
        "node": ">=14.0.0"
      }
    },
    "node_modules/pareto-stream-api": {
      "version": "0.1.25",
      "resolved": "https://registry.npmjs.org/pareto-stream-api/-/pareto-stream-api-0.1.25.tgz",
      "integrity": "sha512-XymPj0+7BRMkVq0nWbJaEkF8+fxUGfn5FsLFsssY52NPCMcf+fBygOT3xEjTVhUdzO5V8MmQOI9P3TfUc4tw7A==",
      "license": "Apache-2.0",
      "dependencies": {
        "astn-core": "^0.5.0",
        "liana-core": "^0.1.0",
        "pareto-core": "^0.1.0",
        "pareto-core-dev": "^0.12.0",
        "pareto-fountain-pen": "^0.4.0"
      }
    }
  }
}
