{
  "name": "pareto-test",
  "version": "0.13.107",
  "lockfileVersion": 3,
  "requires": true,
  "packages": {
    "": {
      "name": "pareto-test",
      "version": "0.13.107",
      "license": "Apache-2.0",
      "dependencies": {
        "pareto-core-dev": "^0.12.0",
        "pareto-fountain-pen": "^0.4.0",
        "pareto-resources": "^0.2.0",
        "pareto-stream": "^0.1.0"
      }
    },
    "node_modules/astn-core": {
      "version": "0.5.112",
      "resolved": "https://registry.npmjs.org/astn-core/-/astn-core-0.5.112.tgz",
      "integrity": "sha512-5jynBwiMGk1/+2NgLxRGByN2nFXWrvtXUztC3XA/g3mZXsLoZqoizenGcWxdc14I5Ttmfv67Yect1inr76p6jg==",
      "license": "Apache-2.0",
      "dependencies": {
        "pareto-fountain-pen": "^0.4.0"
      }
    },
    "node_modules/liana-core": {
      "version": "0.1.28",
      "resolved": "https://registry.npmjs.org/liana-core/-/liana-core-0.1.28.tgz",
      "integrity": "sha512-dSLDadCBpuq7W1D2Vn1YTbIVrztE7Iuijq0tN+n8H8h2gSOYyXuHw5n1JlTRpvaOZgm33NhoQWwOLNlzZ85yCA==",
      "license": "Apache-2.0",
      "dependencies": {
        "astn-core": "^0.5.0",
        "pareto-core": "^0.1.0"
      }
    },
    "node_modules/pareto-core": {
      "version": "0.1.177",
      "resolved": "https://registry.npmjs.org/pareto-core/-/pareto-core-0.1.177.tgz",
      "integrity": "sha512-1PL6C0dhXo9Ek+nvTHo4ZEom9Pia7HjcDphYl2xBwSa90c07BewmgrdvKJuKJv+YfoJ+FyVegQd7lDZesRmsmA==",
      "license": "Apache-2.0"
    },
    "node_modules/pareto-core-dev": {
      "version": "0.12.18",
      "resolved": "https://registry.npmjs.org/pareto-core-dev/-/pareto-core-dev-0.12.18.tgz",
      "integrity": "sha512-xUmvBp1rkkNF6pB5nlK948zbrs+U9VysUEu1rTwR5qVD+MescQCcv2cPjp61P/CiJNHa5crXToSu5+tsBPfvqA==",
      "license": "Apache-2.0",
      "dependencies": {
        "pareto-core": "^0.1.0"
      }
    },
    "node_modules/pareto-core-shorthands": {
      "version": "0.2.48",
      "resolved": "https://registry.npmjs.org/pareto-core-shorthands/-/pareto-core-shorthands-0.2.48.tgz",
      "integrity": "sha512-lKW5S2//vN9Y5U1KwCxGq+Kjge6Y2g9TuptOdODWFGLkHy1L/LFrVRxwbd/qxk8tPrwiEY5/YSENnaecJ6C2xw==",
      "license": "Apache-2.0",
      "dependencies": {
        "liana-core": "^0.1.0",
        "pareto-core": "^0.1.0"
      }
    },
    "node_modules/pareto-fountain-pen": {
      "version": "0.4.68",
      "resolved": "https://registry.npmjs.org/pareto-fountain-pen/-/pareto-fountain-pen-0.4.68.tgz",
      "integrity": "sha512-rU5//+cHzE7d9Jv5vU9E9xEueDydfULYic93noaOKuVZcCke4GYP7QUfqO++6WO1soOAd3FMPtf/DXt+HubFpQ==",
      "license": "Apache-2.0",
      "dependencies": {
        "pareto-core": "^0.1.0",
        "pareto-core-shorthands": "^0.2.0"
      },
      "engines": {
        "node": ">=14.0.0"
      }
    },
    "node_modules/pareto-resources": {
      "version": "0.2.115",
      "resolved": "https://registry.npmjs.org/pareto-resources/-/pareto-resources-0.2.115.tgz",
      "integrity": "sha512-GoPT8VQblPaCG2NSfWZkwazUz3cMQ+I//uFIPMjFJ+QbW+QnIAknryjOohGNMC/dLv2lqhYRIAJzSuRpP6QWYw==",
      "license": "Apache-2.0",
      "dependencies": {
        "liana-core": "^0.1.0",
        "pareto-core": "^0.1.0",
        "pareto-core-dev": "^0.12.0",
        "pareto-fountain-pen": "^0.4.0"
      }
    },
    "node_modules/pareto-stream": {
      "version": "0.1.12",
      "resolved": "https://registry.npmjs.org/pareto-stream/-/pareto-stream-0.1.12.tgz",
      "integrity": "sha512-Jx6k4pk0rTTmiHRwArsDUNlPuuRE1TSHpINVtHQLOQU8FtJe932/I15W3cuMKjvGBP/ozRQjyKvOPuEydYpUVA==",
      "license": "Apache-2.0",
      "dependencies": {
        "liana-core": "^0.1.0",
        "pareto-core-dev": "^0.12.0",
        "pareto-fountain-pen": "^0.4.0"
      }
    }
  }
}
