{
  "name": "pareto-test",
  "version": "0.13.106",
  "lockfileVersion": 3,
  "requires": true,
  "packages": {
    "": {
      "name": "pareto-test",
      "version": "0.13.106",
      "license": "Apache-2.0",
      "dependencies": {
        "pareto-core-dev": "^0.12.0",
        "pareto-fountain-pen": "^0.4.0",
        "pareto-resources": "^0.2.0",
        "pareto-stream": "^0.1.0"
      }
    },
    "node_modules/astn-core": {
      "version": "0.5.108",
      "resolved": "https://registry.npmjs.org/astn-core/-/astn-core-0.5.108.tgz",
      "integrity": "sha512-PJnj0R9Wpryv9II5a1oCyAMyH7MO/0QSCHU9je3g1cKSKtWR1mnv3/rNPA/uK2HxwBm+klkgtqAi7isqD19C6g==",
      "license": "Apache-2.0",
      "dependencies": {
        "pareto-fountain-pen": "^0.4.0"
      }
    },
    "node_modules/liana-core": {
      "version": "0.1.26",
      "resolved": "https://registry.npmjs.org/liana-core/-/liana-core-0.1.26.tgz",
      "integrity": "sha512-5jTSf36zxB93YHbiNoZlLn19lkAgm7nyuz6LK0Uho+BuHvgFxLJNVV2KvxslnnAAlheG2eOKs8fndF945xDvqw==",
      "license": "Apache-2.0",
      "dependencies": {
        "astn-core": "^0.5.0",
        "pareto-core": "^0.1.0"
      }
    },
    "node_modules/pareto-core": {
      "version": "0.1.151",
      "resolved": "https://registry.npmjs.org/pareto-core/-/pareto-core-0.1.151.tgz",
      "integrity": "sha512-ZX19iQ7d5zpb8isDxB+wLUy3l18IXGu3rXEAhimwrVHOQnzEu9woV41s8SMem9a8OtJkn4HoOwVuiK/dKX25tw==",
      "license": "Apache-2.0"
    },
    "node_modules/pareto-core-dev": {
      "version": "0.12.18",
      "resolved": "https://registry.npmjs.org/pareto-core-dev/-/pareto-core-dev-0.12.18.tgz",
      "integrity": "sha512-xUmvBp1rkkNF6pB5nlK948zbrs+U9VysUEu1rTwR5qVD+MescQCcv2cPjp61P/CiJNHa5crXToSu5+tsBPfvqA==",
      "license": "Apache-2.0",
      "dependencies": {
        "pareto-core": "^0.1.0"
      }
    },
    "node_modules/pareto-core-shorthands": {
      "version": "0.2.44",
      "resolved": "https://registry.npmjs.org/pareto-core-shorthands/-/pareto-core-shorthands-0.2.44.tgz",
      "integrity": "sha512-c+pupT6rFeX2ngvlt7QSudmkm68jVr0R3OI78WHTVWBNru+iyuzozyjWak9MxyNuYyZHOACp5Iul02RlkRlVWw==",
      "license": "Apache-2.0",
      "dependencies": {
        "liana-core": "^0.1.0",
        "pareto-core": "^0.1.0"
      }
    },
    "node_modules/pareto-fountain-pen": {
      "version": "0.4.63",
      "resolved": "https://registry.npmjs.org/pareto-fountain-pen/-/pareto-fountain-pen-0.4.63.tgz",
      "integrity": "sha512-zipvX+u+YGirayCyrx/SO+k/YiIsFJRyxoVEWNLzDS5CA+pimkpPrJpuSPOXRPzsX5b+Iz+RkcRcqcMC4iY7SA==",
      "license": "Apache-2.0",
      "dependencies": {
        "pareto-core": "^0.1.0",
        "pareto-core-shorthands": "^0.2.0"
      },
      "engines": {
        "node": ">=14.0.0"
      }
    },
    "node_modules/pareto-resources": {
      "version": "0.2.109",
      "resolved": "https://registry.npmjs.org/pareto-resources/-/pareto-resources-0.2.109.tgz",
      "integrity": "sha512-lRWpwsV5KLbWOJq6l8Pv+mebSug/5QwPh2YheQcqUuUKxxcI+ALXNfBFElzHWJB4zicKPmuwdSV3aujeRco7UA==",
      "license": "Apache-2.0",
      "dependencies": {
        "liana-core": "^0.1.0",
        "pareto-core-dev": "^0.12.0",
        "pareto-fountain-pen": "^0.4.0"
      }
    },
    "node_modules/pareto-stream": {
      "version": "0.1.10",
      "resolved": "https://registry.npmjs.org/pareto-stream/-/pareto-stream-0.1.10.tgz",
      "integrity": "sha512-V7R+MRyNAUs8y8THvhtvh4Zw0Bs3pJRmVbCyBQD4WdwW4CN+PACfqgHGRcyny6sopk1ns6fahxRHb5Ss5ZhWpw==",
      "license": "Apache-2.0",
      "dependencies": {
        "liana-core": "^0.1.0",
        "pareto-core-dev": "^0.12.0",
        "pareto-fountain-pen": "^0.4.0"
      }
    }
  }
}
