{
  "name": "pareto-test-lib",
  "version": "0.17.0",
  "lockfileVersion": 2,
  "requires": true,
  "packages": {
    "": {
      "name": "pareto-test-lib",
      "version": "0.17.0",
      "license": "ISC",
      "dependencies": {
        "pareto-async-functions-api": "^0.9.0",
        "pareto-diff-api": "^0.1.0",
        "pareto-filesystem-api": "^0.15.0",
        "pareto-handledfilesystem-api": "^0.8.0",
        "pareto-lib-core": "^0.4.0",
        "pareto-runtime": "^0.24.0",
        "pareto-test-api": "^0.4.0"
      }
    },
    "node_modules/pareto-api-core": {
      "version": "0.1.0",
      "resolved": "https://registry.npmjs.org/pareto-api-core/-/pareto-api-core-0.1.0.tgz",
      "integrity": "sha512-n62sy/20fJxEbHwWmrM7uMQiWETS/mIKqcJfxxA2EzxRIhvmsOFDJr4eaB3L4WgDsi9j9AVVddYCqolmpvjEBQ=="
    },
    "node_modules/pareto-async-api": {
      "version": "0.8.0",
      "resolved": "https://registry.npmjs.org/pareto-async-api/-/pareto-async-api-0.8.0.tgz",
      "integrity": "sha512-jHvKbMoxLJXkMFS/m9NE/+eVsvwwVP4vMyxbiTE54YwwU0eTxJyllcnN+o23xobwl+GC7lTJMW0Ltube3VNABw==",
      "dependencies": {
        "pareto-lang-api": "^0.6.0"
      }
    },
    "node_modules/pareto-async-functions-api": {
      "version": "0.9.0",
      "resolved": "https://registry.npmjs.org/pareto-async-functions-api/-/pareto-async-functions-api-0.9.0.tgz",
      "integrity": "sha512-5GF7qYH4IbsBGp/y0N7TI/85NNuave5z0kLMCCa9S6bWpEJszSzAxdbY45C/Rf2OkOH4lk3H7R0b9Xl7EJZD1Q==",
      "dependencies": {
        "pareto-api-core": "^0.1.0"
      }
    },
    "node_modules/pareto-diff-api": {
      "version": "0.1.0",
      "resolved": "https://registry.npmjs.org/pareto-diff-api/-/pareto-diff-api-0.1.0.tgz",
      "integrity": "sha512-yfJb2jptWsskEDCvTa8gXXydko+VPOXLG3/9mGUs2tmVcc81ncbs/eMLmsUDDYz1fQJSbn254gXWMtwUSupg1w=="
    },
    "node_modules/pareto-filesystem-api": {
      "version": "0.15.0",
      "resolved": "https://registry.npmjs.org/pareto-filesystem-api/-/pareto-filesystem-api-0.15.0.tgz",
      "integrity": "sha512-g/kNfeMvVdunG0C+t/YqOEb7UrrKQu0BtgUUe7CE190tvgi1mLIdM5AEVqK3Acwil2rhol6gQOUqPCqtHlCbUg==",
      "dependencies": {
        "pareto-handledfilesystem-api": "^0.8.0"
      }
    },
    "node_modules/pareto-handledfilesystem-api": {
      "version": "0.8.0",
      "resolved": "https://registry.npmjs.org/pareto-handledfilesystem-api/-/pareto-handledfilesystem-api-0.8.0.tgz",
      "integrity": "sha512-IpDfLbnIoUFuDsMFBVy0gPtj6uM5xfcE2vWH5w5BNQ80iLLS0qpxVWSTsYGNdypNxmzHy0i75e+DaCeOQeUcRA==",
      "dependencies": {
        "pareto-api-core": "^0.1.0"
      }
    },
    "node_modules/pareto-lang-api": {
      "version": "0.6.0",
      "resolved": "https://registry.npmjs.org/pareto-lang-api/-/pareto-lang-api-0.6.0.tgz",
      "integrity": "sha512-rKtnWp5DHlwPHLCnBHMIW5Bhx+enwNGroiaWJnca0Mtybf9zWVaOA3zjA14eDEDEyOiLJbG/6FO8YXwp7MlwTw=="
    },
    "node_modules/pareto-lib-core": {
      "version": "0.4.0",
      "resolved": "https://registry.npmjs.org/pareto-lib-core/-/pareto-lib-core-0.4.0.tgz",
      "integrity": "sha512-b2xf30eDYBpDym9UJ8sgK/jFZhrffDJM5V7IX/d1MLSmqcvImaM78NPna3oMOQjB+V/0YPtYEZQph3c7nSwdOg==",
      "dependencies": {
        "pareto-api-core": "^0.1.0"
      }
    },
    "node_modules/pareto-runtime": {
      "version": "0.24.0",
      "resolved": "https://registry.npmjs.org/pareto-runtime/-/pareto-runtime-0.24.0.tgz",
      "integrity": "sha512-bwqDIk+jW6TsQScsyG/3Xatpug4eLGtH1OxSNodMq249UmUq2XSHyi7jDPCEGpxY9c+LpXu95l/aZqgWennIAA==",
      "dependencies": {
        "pareto-lang-api": "^0.6.0"
      }
    },
    "node_modules/pareto-test-api": {
      "version": "0.4.0",
      "resolved": "https://registry.npmjs.org/pareto-test-api/-/pareto-test-api-0.4.0.tgz",
      "integrity": "sha512-+IrzryiDdjXGjP1vc2VPEfI299mWqFtCQ1/pVaeeGfIJZumMzrS79xYY/Fgq49QmDVzNJtCZYpZapqbExkKKSg==",
      "dependencies": {
        "pareto-async-api": "^0.8.0",
        "pareto-lang-api": "^0.6.0"
      }
    }
  },
  "dependencies": {
    "pareto-api-core": {
      "version": "0.1.0",
      "resolved": "https://registry.npmjs.org/pareto-api-core/-/pareto-api-core-0.1.0.tgz",
      "integrity": "sha512-n62sy/20fJxEbHwWmrM7uMQiWETS/mIKqcJfxxA2EzxRIhvmsOFDJr4eaB3L4WgDsi9j9AVVddYCqolmpvjEBQ=="
    },
    "pareto-async-api": {
      "version": "0.8.0",
      "resolved": "https://registry.npmjs.org/pareto-async-api/-/pareto-async-api-0.8.0.tgz",
      "integrity": "sha512-jHvKbMoxLJXkMFS/m9NE/+eVsvwwVP4vMyxbiTE54YwwU0eTxJyllcnN+o23xobwl+GC7lTJMW0Ltube3VNABw==",
      "requires": {
        "pareto-lang-api": "^0.6.0"
      }
    },
    "pareto-async-functions-api": {
      "version": "0.9.0",
      "resolved": "https://registry.npmjs.org/pareto-async-functions-api/-/pareto-async-functions-api-0.9.0.tgz",
      "integrity": "sha512-5GF7qYH4IbsBGp/y0N7TI/85NNuave5z0kLMCCa9S6bWpEJszSzAxdbY45C/Rf2OkOH4lk3H7R0b9Xl7EJZD1Q==",
      "requires": {
        "pareto-api-core": "^0.1.0"
      }
    },
    "pareto-diff-api": {
      "version": "0.1.0",
      "resolved": "https://registry.npmjs.org/pareto-diff-api/-/pareto-diff-api-0.1.0.tgz",
      "integrity": "sha512-yfJb2jptWsskEDCvTa8gXXydko+VPOXLG3/9mGUs2tmVcc81ncbs/eMLmsUDDYz1fQJSbn254gXWMtwUSupg1w=="
    },
    "pareto-filesystem-api": {
      "version": "0.15.0",
      "resolved": "https://registry.npmjs.org/pareto-filesystem-api/-/pareto-filesystem-api-0.15.0.tgz",
      "integrity": "sha512-g/kNfeMvVdunG0C+t/YqOEb7UrrKQu0BtgUUe7CE190tvgi1mLIdM5AEVqK3Acwil2rhol6gQOUqPCqtHlCbUg==",
      "requires": {
        "pareto-handledfilesystem-api": "^0.8.0"
      }
    },
    "pareto-handledfilesystem-api": {
      "version": "0.8.0",
      "resolved": "https://registry.npmjs.org/pareto-handledfilesystem-api/-/pareto-handledfilesystem-api-0.8.0.tgz",
      "integrity": "sha512-IpDfLbnIoUFuDsMFBVy0gPtj6uM5xfcE2vWH5w5BNQ80iLLS0qpxVWSTsYGNdypNxmzHy0i75e+DaCeOQeUcRA==",
      "requires": {
        "pareto-api-core": "^0.1.0"
      }
    },
    "pareto-lang-api": {
      "version": "0.6.0",
      "resolved": "https://registry.npmjs.org/pareto-lang-api/-/pareto-lang-api-0.6.0.tgz",
      "integrity": "sha512-rKtnWp5DHlwPHLCnBHMIW5Bhx+enwNGroiaWJnca0Mtybf9zWVaOA3zjA14eDEDEyOiLJbG/6FO8YXwp7MlwTw=="
    },
    "pareto-lib-core": {
      "version": "0.4.0",
      "resolved": "https://registry.npmjs.org/pareto-lib-core/-/pareto-lib-core-0.4.0.tgz",
      "integrity": "sha512-b2xf30eDYBpDym9UJ8sgK/jFZhrffDJM5V7IX/d1MLSmqcvImaM78NPna3oMOQjB+V/0YPtYEZQph3c7nSwdOg==",
      "requires": {
        "pareto-api-core": "^0.1.0"
      }
    },
    "pareto-runtime": {
      "version": "0.24.0",
      "resolved": "https://registry.npmjs.org/pareto-runtime/-/pareto-runtime-0.24.0.tgz",
      "integrity": "sha512-bwqDIk+jW6TsQScsyG/3Xatpug4eLGtH1OxSNodMq249UmUq2XSHyi7jDPCEGpxY9c+LpXu95l/aZqgWennIAA==",
      "requires": {
        "pareto-lang-api": "^0.6.0"
      }
    },
    "pareto-test-api": {
      "version": "0.4.0",
      "resolved": "https://registry.npmjs.org/pareto-test-api/-/pareto-test-api-0.4.0.tgz",
      "integrity": "sha512-+IrzryiDdjXGjP1vc2VPEfI299mWqFtCQ1/pVaeeGfIJZumMzrS79xYY/Fgq49QmDVzNJtCZYpZapqbExkKKSg==",
      "requires": {
        "pareto-async-api": "^0.8.0",
        "pareto-lang-api": "^0.6.0"
      }
    }
  }
}
