{
  "name": "pareto-test",
  "version": "0.13.79",
  "lockfileVersion": 3,
  "requires": true,
  "packages": {
    "": {
      "name": "pareto-test",
      "version": "0.13.79",
      "license": "Apache-2.0",
      "dependencies": {
        "pareto-core-dev": "^0.12.8",
        "pareto-fountain-pen": "^0.4.44",
        "pareto-host-nodejs": "^0.2.30",
        "pareto-resources": "^0.2.49"
      }
    },
    "node_modules/astn-core": {
      "version": "0.5.37",
      "resolved": "https://registry.npmjs.org/astn-core/-/astn-core-0.5.37.tgz",
      "integrity": "sha512-3pM4Npi0Y2tRFGJVeiXcHVgqDFVL/M4j9j5MdxcAAHDW4CtrfDYiTBnk3gH1FRmi2fVCXXR5AfWuSf+0h+5zVg==",
      "license": "Apache-2.0",
      "dependencies": {
        "pareto-fountain-pen": "^0.4.44"
      }
    },
    "node_modules/liana-core": {
      "version": "0.0.21",
      "resolved": "https://registry.npmjs.org/liana-core/-/liana-core-0.0.21.tgz",
      "integrity": "sha512-7utjMCV9SGb4ypChv54F/2+YGbvwFMP/MGFCdLkmuURhGA1a7krGP4rZUZTOndQUjKFLr3ctL9exunjXVSu3/g==",
      "license": "Apache-2.0",
      "dependencies": {
        "astn-core": "^0.5.36",
        "pareto-core": "^0.1.42"
      }
    },
    "node_modules/pareto-core": {
      "version": "0.1.43",
      "resolved": "https://registry.npmjs.org/pareto-core/-/pareto-core-0.1.43.tgz",
      "integrity": "sha512-4zMiuQo8GTjZlljzgPsqKXKFLqa2rUejjdPuyAo1hdZt4WpaGZo1fLFSo9I5oHrAcelje+2p06EPDK5UZYeHeQ==",
      "license": "ISC"
    },
    "node_modules/pareto-core-dev": {
      "version": "0.12.8",
      "resolved": "https://registry.npmjs.org/pareto-core-dev/-/pareto-core-dev-0.12.8.tgz",
      "integrity": "sha512-XApKCr4QJGtTq7EBLi18rFr0h5SXzyQjeqwCOXQslUUVETiKUS0QBHcSKI61rNc9X/W39k32mLvCs84dyqT8xw==",
      "license": "ISC",
      "dependencies": {
        "pareto-core": "^0.1.42"
      }
    },
    "node_modules/pareto-core-shorthands": {
      "version": "0.2.20",
      "resolved": "https://registry.npmjs.org/pareto-core-shorthands/-/pareto-core-shorthands-0.2.20.tgz",
      "integrity": "sha512-ooiaVuaSzNIE2htkyTYP6IJCNY44v9w1mrd3IsJ4/5afsauDdlHNd4rmh0+Twi68w7ygLV884mpBRNgAc2SekQ==",
      "license": "ISC",
      "dependencies": {
        "pareto-core": "^0.1.42"
      }
    },
    "node_modules/pareto-fountain-pen": {
      "version": "0.4.44",
      "resolved": "https://registry.npmjs.org/pareto-fountain-pen/-/pareto-fountain-pen-0.4.44.tgz",
      "integrity": "sha512-dDkZhe8bcy8n+csHkBSIv7avJIT8blALhpy2/MBsmz5UFNFADds7wFC4wCttr9kZeW+23/7J5sUR++KZ/zPxyQ==",
      "license": "Apache-2.0",
      "dependencies": {
        "pareto-core": "^0.1.42",
        "pareto-core-shorthands": "^0.2.20"
      },
      "engines": {
        "node": ">=14.0.0"
      }
    },
    "node_modules/pareto-host-nodejs": {
      "version": "0.2.30",
      "resolved": "https://registry.npmjs.org/pareto-host-nodejs/-/pareto-host-nodejs-0.2.30.tgz",
      "integrity": "sha512-ZrRJk/SeGiuhDuIeXY+aDpKD+iQK0noKrctxjsLl9WerXHWKPLFEMMMzN49A6MADNxRbCvRZgtAXvddlYY2UHg==",
      "license": "ISC",
      "dependencies": {
        "pareto-resources": "^0.2.49"
      }
    },
    "node_modules/pareto-resources": {
      "version": "0.2.49",
      "resolved": "https://registry.npmjs.org/pareto-resources/-/pareto-resources-0.2.49.tgz",
      "integrity": "sha512-+GdPSg1tI7Y2XSpzDsoyeGJOFErqaxEyS2KdjgRXoP/hEjccrPP0EF7oHQ/6K3870QnTNZ0Kl37VPA60FCJoCA==",
      "license": "Apache-2.0",
      "dependencies": {
        "liana-core": "^0.0.21",
        "pareto-fountain-pen": "^0.4.44"
      }
    }
  }
}
