{
  "name": "pareto-test",
  "version": "0.13.79",
  "lockfileVersion": 3,
  "requires": true,
  "packages": {
    "": {
      "name": "pareto-test",
      "version": "0.13.79",
      "license": "Apache-2.0",
      "dependencies": {
        "pareto-core-dev": "^0.12.8",
        "pareto-fountain-pen": "^0.4.45",
        "pareto-host-nodejs": "^0.2.31",
        "pareto-resources": "^0.2.50"
      }
    },
    "node_modules/astn-core": {
      "version": "0.5.42",
      "resolved": "https://registry.npmjs.org/astn-core/-/astn-core-0.5.42.tgz",
      "integrity": "sha512-xQvEm998+el4kTNvDVBEsbw2q1cyBZ4gS5sszYnsuqLZ5NE1XhTOprxxoKdZiQ32eq5GAtZpNqwOBmznvGUbOA==",
      "license": "Apache-2.0",
      "dependencies": {
        "pareto-fountain-pen": "^0.4.45"
      }
    },
    "node_modules/liana-core": {
      "version": "0.0.22",
      "resolved": "https://registry.npmjs.org/liana-core/-/liana-core-0.0.22.tgz",
      "integrity": "sha512-M/nciFaKsy4ScQcIdB7EMeg2CRiVwKHsJByGJJzqYB7X8emVdmwYz9jv+O/rGj9u9bUe3oeQKTH5RsgXh4SoXA==",
      "license": "Apache-2.0",
      "dependencies": {
        "astn-core": "^0.5.38",
        "pareto-core": "^0.1.43"
      }
    },
    "node_modules/pareto-core": {
      "version": "0.1.45",
      "resolved": "https://registry.npmjs.org/pareto-core/-/pareto-core-0.1.45.tgz",
      "integrity": "sha512-N+aoG/usUcwgXyhM92koMKcYZjv1Lnb481w95vVM0JfRUGLvYQJ/IlstaVcQXKmZOUsdH/3jq+zqf3DFhti9rw==",
      "license": "ISC"
    },
    "node_modules/pareto-core-dev": {
      "version": "0.12.8",
      "resolved": "https://registry.npmjs.org/pareto-core-dev/-/pareto-core-dev-0.12.8.tgz",
      "integrity": "sha512-XApKCr4QJGtTq7EBLi18rFr0h5SXzyQjeqwCOXQslUUVETiKUS0QBHcSKI61rNc9X/W39k32mLvCs84dyqT8xw==",
      "license": "ISC",
      "dependencies": {
        "pareto-core": "^0.1.42"
      }
    },
    "node_modules/pareto-core-shorthands": {
      "version": "0.2.20",
      "resolved": "https://registry.npmjs.org/pareto-core-shorthands/-/pareto-core-shorthands-0.2.20.tgz",
      "integrity": "sha512-ooiaVuaSzNIE2htkyTYP6IJCNY44v9w1mrd3IsJ4/5afsauDdlHNd4rmh0+Twi68w7ygLV884mpBRNgAc2SekQ==",
      "license": "ISC",
      "dependencies": {
        "pareto-core": "^0.1.42"
      }
    },
    "node_modules/pareto-fountain-pen": {
      "version": "0.4.45",
      "resolved": "https://registry.npmjs.org/pareto-fountain-pen/-/pareto-fountain-pen-0.4.45.tgz",
      "integrity": "sha512-P/51wTZpPY/3byHm1D8q4/A68yILSOgpgodlXJ53LZOkuvLiP+fGricVZQWy9hx2RznYz2WfpYIIiR1Mbov0Ag==",
      "license": "Apache-2.0",
      "dependencies": {
        "pareto-core": "^0.1.43",
        "pareto-core-shorthands": "^0.2.20"
      },
      "engines": {
        "node": ">=14.0.0"
      }
    },
    "node_modules/pareto-host-nodejs": {
      "version": "0.2.31",
      "resolved": "https://registry.npmjs.org/pareto-host-nodejs/-/pareto-host-nodejs-0.2.31.tgz",
      "integrity": "sha512-jPLm5HmizPs0kRZYKxa4TU1L2gwtVopALdmoynZybrdU9oRTXarnm5hJs6Weq3OPj7XyWDQsXA7IqJP/iNZRLA==",
      "license": "ISC",
      "dependencies": {
        "pareto-resources": "^0.2.50"
      }
    },
    "node_modules/pareto-resources": {
      "version": "0.2.50",
      "resolved": "https://registry.npmjs.org/pareto-resources/-/pareto-resources-0.2.50.tgz",
      "integrity": "sha512-jcKXSkPzhBLHR15oDzeRdGXf8ZHL2JB4axAcjqjkGSpHYX014wPBOneytH1dNkCMWIe0nlD5HQuhowG2zaFm1A==",
      "license": "Apache-2.0",
      "dependencies": {
        "liana-core": "^0.0.22",
        "pareto-fountain-pen": "^0.4.45"
      }
    }
  }
}
