{
  "name": "pareto-test",
  "version": "0.13.58",
  "lockfileVersion": 3,
  "requires": true,
  "packages": {
    "": {
      "name": "pareto-test",
      "version": "0.13.58",
      "dependencies": {
        "astn-core": "^0.5.2",
        "pareto-core-deserializer": "^0.3.0",
        "pareto-core-dev": "^0.12.0",
        "pareto-fountain-pen": "^0.4.1",
        "pareto-host-nodejs": "^0.2.4",
        "pareto-resources": "^0.2.8"
      }
    },
    "node_modules/astn-core": {
      "version": "0.5.2",
      "resolved": "https://registry.npmjs.org/astn-core/-/astn-core-0.5.2.tgz",
      "integrity": "sha512-ozqm2+q0sNHT7jgwwz+FkjAj15YutjatG228hus7zuWwusLR4f8QOO5TZniY/IdBMIede+iK/Toj8GnX4qpc4A==",
      "license": "Apache-2.0",
      "dependencies": {
        "pareto-core-deserializer": "^0.3.0",
        "pareto-core-refiner": "^0.2.0",
        "pareto-fountain-pen": "^0.4.1"
      }
    },
    "node_modules/pareto-core-command": {
      "version": "0.3.0",
      "resolved": "https://registry.npmjs.org/pareto-core-command/-/pareto-core-command-0.3.0.tgz",
      "integrity": "sha512-Uz+6V+F1JasoC9pYEyDGA54LRLQ6iLB4s8uY19KEYgpWKUqfl+FrWOB/Gk7LYlHaq/V6flEpd+4y8yypO7IfKQ==",
      "license": "ISC",
      "dependencies": {
        "pareto-core-internals": "^0.25.0"
      }
    },
    "node_modules/pareto-core-deserializer": {
      "version": "0.3.0",
      "resolved": "https://registry.npmjs.org/pareto-core-deserializer/-/pareto-core-deserializer-0.3.0.tgz",
      "integrity": "sha512-f11TJtQvehLLzxWj2zpit4E3HL0GqekWXWiT/4I/f3gdlsIKDWjI68THgrT6bFXUbp6TW/LYWKffJzEdoqwMDw==",
      "license": "ISC",
      "dependencies": {
        "pareto-core-internals": "^0.25.0"
      }
    },
    "node_modules/pareto-core-dev": {
      "version": "0.12.0",
      "resolved": "https://registry.npmjs.org/pareto-core-dev/-/pareto-core-dev-0.12.0.tgz",
      "integrity": "sha512-GfS1JwSA9wlSX2Vu6IiiK2lhwDslLtQJ0oK4gBVymJ9sCEApxGctbskeryhRVzH46B0sQ7Z6EDrw1YfAvWGIng==",
      "license": "ISC",
      "dependencies": {
        "pareto-core-internals": "^0.25.0"
      }
    },
    "node_modules/pareto-core-interface": {
      "version": "0.2.0",
      "resolved": "https://registry.npmjs.org/pareto-core-interface/-/pareto-core-interface-0.2.0.tgz",
      "integrity": "sha512-vEnvT8XLid8YbrTPNNzk7P3JJiZPn2SImKoh73hWby4UYhE+pWzSinh25fDA//jq6VwgyZxYBmdLFFdZJ494VQ==",
      "license": "Apache-2.0"
    },
    "node_modules/pareto-core-internals": {
      "version": "0.25.0",
      "resolved": "https://registry.npmjs.org/pareto-core-internals/-/pareto-core-internals-0.25.0.tgz",
      "integrity": "sha512-3ej6EuWWWXNN8u9PBHBwAAxCwKBhWV5+/gJrbcNG1iLU5c0aa1ub0Ruhd/yJ4Ugt3vby+7531HW0L6gDyOCywg==",
      "license": "ISC",
      "dependencies": {
        "pareto-core-interface": "^0.2.0"
      }
    },
    "node_modules/pareto-core-query": {
      "version": "0.2.0",
      "resolved": "https://registry.npmjs.org/pareto-core-query/-/pareto-core-query-0.2.0.tgz",
      "integrity": "sha512-Q/Bjeiz47RFHYULgnOZ6bmLZU9DZfRZqAdElF7WT2ri77yNw0kUgsT8ew8FwXwSYCXFWf5MEejl6gW3kUMO4LA==",
      "license": "ISC",
      "dependencies": {
        "pareto-core-internals": "^0.25.0"
      }
    },
    "node_modules/pareto-core-refiner": {
      "version": "0.2.0",
      "resolved": "https://registry.npmjs.org/pareto-core-refiner/-/pareto-core-refiner-0.2.0.tgz",
      "integrity": "sha512-xvOzk9v/NXK5UB03h2YRUqAZ8dCvAfmGJfu47b0g2IQVJYeslPEWBpMFaB1LwFI1fR4biBBYcxgcrJA2DUVzuQ==",
      "license": "ISC",
      "dependencies": {
        "pareto-core-internals": "^0.25.0"
      }
    },
    "node_modules/pareto-core-serializer": {
      "version": "0.2.0",
      "resolved": "https://registry.npmjs.org/pareto-core-serializer/-/pareto-core-serializer-0.2.0.tgz",
      "integrity": "sha512-W0Bg6JncBHl0hkQv9Ss+gsGKPqelGFcQBtPERv9je3jBSHALOETUm4wsBqQiUVJ011dtmswZXq+kHpdM0UvjDw==",
      "license": "ISC",
      "dependencies": {
        "pareto-core-internals": "^0.25.0"
      }
    },
    "node_modules/pareto-core-shorthands": {
      "version": "0.2.1",
      "resolved": "https://registry.npmjs.org/pareto-core-shorthands/-/pareto-core-shorthands-0.2.1.tgz",
      "integrity": "sha512-tpV/iG6Ajas7nUqToWhWjQBAjgLCgQF65jyLLi56kEfbBoNENkjoqNcgXt9rsgB2ETqVEQs7wwzNtlTsZxf4EQ==",
      "license": "ISC",
      "dependencies": {
        "pareto-core-internals": "^0.25.0"
      }
    },
    "node_modules/pareto-core-transformer": {
      "version": "0.2.0",
      "resolved": "https://registry.npmjs.org/pareto-core-transformer/-/pareto-core-transformer-0.2.0.tgz",
      "integrity": "sha512-VaGcTop9Bm1o6BBf1Y1W4UBris7VNYmuAMVomELhAjQ8MInVzVW8QJ30TgkOLQkTv5Oa1b7geW+HGYhjkbL5Rw==",
      "license": "ISC",
      "dependencies": {
        "pareto-core-internals": "^0.25.0"
      }
    },
    "node_modules/pareto-fountain-pen": {
      "version": "0.4.1",
      "resolved": "https://registry.npmjs.org/pareto-fountain-pen/-/pareto-fountain-pen-0.4.1.tgz",
      "integrity": "sha512-deM+JmHLbUtqvdbHSZQHPnmN5nnLL/SEUxXiewOjOmIkNUwpzPdEv8OakQePOxKlXh7chQIuIE0mFLpzQUvD1w==",
      "license": "Apache-2.0",
      "dependencies": {
        "pareto-core-refiner": "^0.2.0",
        "pareto-core-serializer": "^0.2.0",
        "pareto-core-shorthands": "^0.2.1",
        "pareto-core-transformer": "^0.2.0"
      },
      "engines": {
        "node": ">=14.0.0"
      }
    },
    "node_modules/pareto-host-nodejs": {
      "version": "0.2.4",
      "resolved": "https://registry.npmjs.org/pareto-host-nodejs/-/pareto-host-nodejs-0.2.4.tgz",
      "integrity": "sha512-+xHNicyv6kKvsV2hBeMTZN4/anWqu/VFQTIV4hfoXGCBcLFWBy9CyhYTWXBzu8AAq0ZwuRE03No1fXlE5AMs8Q==",
      "license": "ISC",
      "dependencies": {
        "pareto-resources": "^0.2.8"
      }
    },
    "node_modules/pareto-resources": {
      "version": "0.2.8",
      "resolved": "https://registry.npmjs.org/pareto-resources/-/pareto-resources-0.2.8.tgz",
      "integrity": "sha512-Uy0Z6olEVUzo3QnuAXAeFnoETizT5w4I1kYbYUpno9eC6yEKkJMwyxGXpo0wM8BNL4SLhm7Zeh8yVwwAiEtQjA==",
      "dependencies": {
        "pareto-core-command": "^0.3.0",
        "pareto-core-deserializer": "^0.3.0",
        "pareto-core-query": "^0.2.0",
        "pareto-fountain-pen": "^0.4.1"
      }
    }
  }
}
