{
  "name": "pareto-test-api",
  "version": "0.2.0",
  "lockfileVersion": 2,
  "requires": true,
  "packages": {
    "": {
      "name": "pareto-test-api",
      "version": "0.2.0",
      "license": "ISC",
      "dependencies": {
        "pareto-lang-api": "^0.6.0"
      }
    },
    "node_modules/pareto-lang-api": {
      "version": "0.6.0",
      "resolved": "https://registry.npmjs.org/pareto-lang-api/-/pareto-lang-api-0.6.0.tgz",
      "integrity": "sha512-rKtnWp5DHlwPHLCnBHMIW5Bhx+enwNGroiaWJnca0Mtybf9zWVaOA3zjA14eDEDEyOiLJbG/6FO8YXwp7MlwTw=="
    }
  },
  "dependencies": {
    "pareto-lang-api": {
      "version": "0.6.0",
      "resolved": "https://registry.npmjs.org/pareto-lang-api/-/pareto-lang-api-0.6.0.tgz",
      "integrity": "sha512-rKtnWp5DHlwPHLCnBHMIW5Bhx+enwNGroiaWJnca0Mtybf9zWVaOA3zjA14eDEDEyOiLJbG/6FO8YXwp7MlwTw=="
    }
  }
}
